
Microsoft Visual Studio Solution File, Format Version 12.00
# Visual Studio 2012
Project("{E24C65DC-7377-472B-9ABA-BC803B73C61A}") = "WebPersona", "http://localhost:2145", "{FC8BD2F9-5E88-423F-B786-F1CDB60FEFE2}"
	ProjectSection(WebsiteProperties) = preProject
		UseIISExpress = "true"
		TargetFrameworkMoniker = ".NETFramework,Version%3Dv4.5"
		Debug.AspNetCompiler.VirtualPath = "/localhost_2145"
		Debug.AspNetCompiler.PhysicalPath = "..\..\WebSites\WebPersona\"
		Debug.AspNetCompiler.TargetPath = "PrecompiledWeb\localhost_2145\"
		Debug.AspNetCompiler.Updateable = "true"
		Debug.AspNetCompiler.ForceOverwrite = "true"
		Debug.AspNetCompiler.FixedNames = "false"
		Debug.AspNetCompiler.Debug = "True"
		Release.AspNetCompiler.VirtualPath = "/localhost_2145"
		Release.AspNetCompiler.PhysicalPath = "..\..\WebSites\WebPersona\"
		Release.AspNetCompiler.TargetPath = "PrecompiledWeb\localhost_2145\"
		Release.AspNetCompiler.Updateable = "true"
		Release.AspNetCompiler.ForceOverwrite = "true"
		Release.AspNetCompiler.FixedNames = "false"
		Release.AspNetCompiler.Debug = "False"
		SlnRelativePath = "..\..\WebSites\WebPersona\"
		DefaultWebSiteLanguage = "Visual C#"
	EndProjectSection
EndProject
Global
	GlobalSection(SolutionConfigurationPlatforms) = preSolution
		Debug|Any CPU = Debug|Any CPU
	EndGlobalSection
	GlobalSection(ProjectConfigurationPlatforms) = postSolution
		{FC8BD2F9-5E88-423F-B786-F1CDB60FEFE2}.Debug|Any CPU.ActiveCfg = Debug|Any CPU
		{FC8BD2F9-5E88-423F-B786-F1CDB60FEFE2}.Debug|Any CPU.Build.0 = Debug|Any CPU
	EndGlobalSection
	GlobalSection(SolutionProperties) = preSolution
		HideSolutionNode = FALSE
	EndGlobalSection
EndGlobal
